
Microsoft Visual Studio Solution File, Format Version 12.00
# Visual Studio 15
VisualStudioVersion = 15.0.26730.12
MinimumVisualStudioVersion = 10.0.40219.1
Project("{FAE04EC0-301F-11D3-BF4B-00C04F79EFBC}") = "ProyectoClase", "ProyectoClase\ProyectoClase.csproj", "{BED4C273-CEC0-455A-B62F-B444D803E0AB}"
EndProject
Project("{FAE04EC0-301F-11D3-BF4B-00C04F79EFBC}") = "CapaDatos", "CapaDatos\CapaDatos.csproj", "{CB9A2603-BFD9-4327-905B-2601EAE757C8}"
EndProject
Project("{FAE04EC0-301F-11D3-BF4B-00C04F79EFBC}") = "CapaModelo", "Modelo\CapaModelo.csproj", "{EA4E382F-34AF-4B0B-B0E4-2D6678A28637}"
EndProject
Global
	GlobalSection(SolutionConfigurationPlatforms) = preSolution
		Debug|Any CPU = Debug|Any CPU
		Release|Any CPU = Release|Any CPU
	EndGlobalSection
	GlobalSection(ProjectConfigurationPlatforms) = postSolution
		{BED4C273-CEC0-455A-B62F-B444D803E0AB}.Debug|Any CPU.ActiveCfg = Debug|Any CPU
		{BED4C273-CEC0-455A-B62F-B444D803E0AB}.Debug|Any CPU.Build.0 = Debug|Any CPU
		{BED4C273-CEC0-455A-B62F-B444D803E0AB}.Release|Any CPU.ActiveCfg = Release|Any CPU
		{BED4C273-CEC0-455A-B62F-B444D803E0AB}.Release|Any CPU.Build.0 = Release|Any CPU
		{CB9A2603-BFD9-4327-905B-2601EAE757C8}.Debug|Any CPU.ActiveCfg = Debug|Any CPU
		{CB9A2603-BFD9-4327-905B-2601EAE757C8}.Debug|Any CPU.Build.0 = Debug|Any CPU
		{CB9A2603-BFD9-4327-905B-2601EAE757C8}.Release|Any CPU.ActiveCfg = Release|Any CPU
		{CB9A2603-BFD9-4327-905B-2601EAE757C8}.Release|Any CPU.Build.0 = Release|Any CPU
		{EA4E382F-34AF-4B0B-B0E4-2D6678A28637}.Debug|Any CPU.ActiveCfg = Debug|Any CPU
		{EA4E382F-34AF-4B0B-B0E4-2D6678A28637}.Debug|Any CPU.Build.0 = Debug|Any CPU
		{EA4E382F-34AF-4B0B-B0E4-2D6678A28637}.Release|Any CPU.ActiveCfg = Release|Any CPU
		{EA4E382F-34AF-4B0B-B0E4-2D6678A28637}.Release|Any CPU.Build.0 = Release|Any CPU
	EndGlobalSection
	GlobalSection(SolutionProperties) = preSolution
		HideSolutionNode = FALSE
	EndGlobalSection
	GlobalSection(ExtensibilityGlobals) = postSolution
		SolutionGuid = {6C5150DC-8CE0-4861-AD90-8EE21BD1AA02}
	EndGlobalSection
EndGlobal
